
Microsoft Visual Studio Solution File, Format Version 12.00
# Visual Studio Version 17
VisualStudioVersion = 17.4.33213.308
MinimumVisualStudioVersion = 10.0.40219.1
Project("{FAE04EC0-301F-11D3-BF4B-00C04F79EFBC}") = "TestPerformance", "TestPerformance\TestPerformance.csproj", "{EEF1D4AF-AB96-4E64-8CD4-39C93DD3DE88}"
EndProject
Global
	GlobalSection(SolutionConfigurationPlatforms) = preSolution
		Debug|Any CPU = Debug|Any CPU
		Release|Any CPU = Release|Any CPU
	EndGlobalSection
	GlobalSection(ProjectConfigurationPlatforms) = postSolution
		{EEF1D4AF-AB96-4E64-8CD4-39C93DD3DE88}.Debug|Any CPU.ActiveCfg = Debug|Any CPU
		{EEF1D4AF-AB96-4E64-8CD4-39C93DD3DE88}.Debug|Any CPU.Build.0 = Debug|Any CPU
		{EEF1D4AF-AB96-4E64-8CD4-39C93DD3DE88}.Release|Any CPU.ActiveCfg = Release|Any CPU
		{EEF1D4AF-AB96-4E64-8CD4-39C93DD3DE88}.Release|Any CPU.Build.0 = Release|Any CPU
	EndGlobalSection
	GlobalSection(SolutionProperties) = preSolution
		HideSolutionNode = FALSE
	EndGlobalSection
	GlobalSection(ExtensibilityGlobals) = postSolution
		SolutionGuid = {51A92CAD-0FD6-4ED2-B48A-99956BEC4419}
	EndGlobalSection
EndGlobal
